// !$*UTF8*$!
{
	archiveVersion = 1;
	classes = {
	};
	objectVersion = 50;
	objects = {

/* Begin PBXBuildFile section */
		D625D25A2300956100713E13 /* AppDelegate.swift in Sources */ = {isa = PBXBuildFile; fileRef = D625D2592300956100713E13 /* AppDelegate.swift */; };
		D625D25C2300956100713E13 /* InfiniteScroll1Controller.swift in Sources */ = {isa = PBXBuildFile; fileRef = D625D25B2300956100713E13 /* InfiniteScroll1Controller.swift */; };
		D625D25F2300956100713E13 /* Main.storyboard in Resources */ = {isa = PBXBuildFile; fileRef = D625D25D2300956100713E13 /* Main.storyboard */; };
		D625D2612300956500713E13 /* Assets.xcassets in Resources */ = {isa = PBXBuildFile; fileRef = D625D2602300956500713E13 /* Assets.xcassets */; };
		D625D2642300956500713E13 /* LaunchScreen.storyboard in Resources */ = {isa = PBXBuildFile; fileRef = D625D2622300956500713E13 /* LaunchScreen.storyboard */; };
		D625D2752300A13300713E13 /* LoadingCell.swift in Sources */ = {isa = PBXBuildFile; fileRef = D625D2732300A13200713E13 /* LoadingCell.swift */; };
		D625D2762300A13300713E13 /* LoadingCell.xib in Resources */ = {isa = PBXBuildFile; fileRef = D625D2742300A13200713E13 /* LoadingCell.xib */; };
		D625D2792300A14300713E13 /* TestCell.swift in Sources */ = {isa = PBXBuildFile; fileRef = D625D2772300A14300713E13 /* TestCell.swift */; };
		D625D27A2300A14300713E13 /* TestCell.xib in Resources */ = {isa = PBXBuildFile; fileRef = D625D2782300A14300713E13 /* TestCell.xib */; };
/* End PBXBuildFile section */

/* Begin PBXFileReference section */
		D625D2562300956100713E13 /* InfiniteScrollingDemo.app */ = {isa = PBXFileReference; explicitFileType = wrapper.application; includeInIndex = 0; path = InfiniteScrollingDemo.app; sourceTree = BUILT_PRODUCTS_DIR; };
		D625D2592300956100713E13 /* AppDelegate.swift */ = {isa = PBXFileReference; lastKnownFileType = sourcecode.swift; path = AppDelegate.swift; sourceTree = "<group>"; };
		D625D25B2300956100713E13 /* InfiniteScroll1Controller.swift */ = {isa = PBXFileReference; lastKnownFileType = sourcecode.swift; path = InfiniteScroll1Controller.swift; sourceTree = "<group>"; };
		D625D25E2300956100713E13 /* Base */ = {isa = PBXFileReference; lastKnownFileType = file.storyboard; name = Base; path = Base.lproj/Main.storyboard; sourceTree = "<group>"; };
		D625D2602300956500713E13 /* Assets.xcassets */ = {isa = PBXFileReference; lastKnownFileType = folder.assetcatalog; path = Assets.xcassets; sourceTree = "<group>"; };
		D625D2632300956500713E13 /* Base */ = {isa = PBXFileReference; lastKnownFileType = file.storyboard; name = Base; path = Base.lproj/LaunchScreen.storyboard; sourceTree = "<group>"; };
		D625D2652300956500713E13 /* Info.plist */ = {isa = PBXFileReference; lastKnownFileType = text.plist.xml; path = Info.plist; sourceTree = "<group>"; };
		D625D2732300A13200713E13 /* LoadingCell.swift */ = {isa = PBXFileReference; lastKnownFileType = sourcecode.swift; path = LoadingCell.swift; sourceTree = "<group>"; };
		D625D2742300A13200713E13 /* LoadingCell.xib */ = {isa = PBXFileReference; lastKnownFileType = file.xib; path = LoadingCell.xib; sourceTree = "<group>"; };
		D625D2772300A14300713E13 /* TestCell.swift */ = {isa = PBXFileReference; lastKnownFileType = sourcecode.swift; path = TestCell.swift; sourceTree = "<group>"; };
		D625D2782300A14300713E13 /* TestCell.xib */ = {isa = PBXFileReference; lastKnownFileType = file.xib; path = TestCell.xib; sourceTree = "<group>"; };
/* End PBXFileReference section */

/* Begin PBXFrameworksBuildPhase section */
		D625D2532300956100713E13 /* Frameworks */ = {
			isa = PBXFrameworksBuildPhase;
			buildActionMask = 2147483647;
			files = (
			);
			runOnlyForDeploymentPostprocessing = 0;
		};
/* End PBXFrameworksBuildPhase section */

/* Begin PBXGroup section */
		D625D24D2300956100713E13 = {
			isa = PBXGroup;
			children = (
				D625D2582300956100713E13 /* InfiniteScrollingDemo */,
				D625D2572300956100713E13 /* Products */,
			);
			sourceTree = "<group>";
		};
		D625D2572300956100713E13 /* Products */ = {
			isa = PBXGroup;
			children = (
				D625D2562300956100713E13 /* InfiniteScrollingDemo.app */,
			);
			name = Products;
			sourceTree = "<group>";
		};
		D625D2582300956100713E13 /* InfiniteScrollingDemo */ = {
			isa = PBXGroup;
			children = (
				D625D2592300956100713E13 /* AppDelegate.swift */,
				D625D25B2300956100713E13 /* InfiniteScroll1Controller.swift */,
				D625D25D2300956100713E13 /* Main.storyboard */,
				D625D2602300956500713E13 /* Assets.xcassets */,
				D625D2622300956500713E13 /* LaunchScreen.storyboard */,
				D625D2652300956500713E13 /* Info.plist */,
				D625D2732300A13200713E13 /* LoadingCell.swift */,
				D625D2742300A13200713E13 /* LoadingCell.xib */,
				D625D2772300A14300713E13 /* TestCell.swift */,
				D625D2782300A14300713E13 /* TestCell.xib */,
			);
			path = InfiniteScrollingDemo;
			sourceTree = "<group>";
		};
/* End PBXGroup section */

/* Begin PBXNativeTarget section */
		D625D2552300956100713E13 /* InfiniteScrollingDemo */ = {
			isa = PBXNativeTarget;
			buildConfigurationList = D625D2682300956500713E13 /* Build configuration list for PBXNativeTarget "InfiniteScrollingDemo" */;
			buildPhases = (
				D625D2522300956100713E13 /* Sources */,
				D625D2532300956100713E13 /* Frameworks */,
				D625D2542300956100713E13 /* Resources */,
			);
			buildRules = (
			);
			dependencies = (
			);
			name = InfiniteScrollingDemo;
			productName = InfiniteScrollingDemo;
			productReference = D625D2562300956100713E13 /* InfiniteScrollingDemo.app */;
			productType = "com.apple.product-type.application";
		};
/* End PBXNativeTarget section */

/* Begin PBXProject section */
		D625D24E2300956100713E13 /* Project object */ = {
			isa = PBXProject;
			attributes = {
				LastSwiftUpdateCheck = 1030;
				LastUpgradeCheck = 1030;
				ORGANIZATIONNAME = "Jian Ting Li";
				TargetAttributes = {
					D625D2552300956100713E13 = {
						CreatedOnToolsVersion = 10.3;
					};
				};
			};
			buildConfigurationList = D625D2512300956100713E13 /* Build configuration list for PBXProject "InfiniteScrollingDemo" */;
			compatibilityVersion = "Xcode 9.3";
			developmentRegion = en;
			hasScannedForEncodings = 0;
			knownRegions = (
				en,
				Base,
			);
			mainGroup = D625D24D2300956100713E13;
			productRefGroup = D625D2572300956100713E13 /* Products */;
			projectDirPath = "";
			projectRoot = "";
			targets = (
				D625D2552300956100713E13 /* InfiniteScrollingDemo */,
			);
		};
/* End PBXProject section */

/* Begin PBXResourcesBuildPhase section */
		D625D2542300956100713E13 /* Resources */ = {
			isa = PBXResourcesBuildPhase;
			buildActionMask = 2147483647;
			files = (
				D625D2642300956500713E13 /* LaunchScreen.storyboard in Resources */,
				D625D2612300956500713E13 /* Assets.xcassets in Resources */,
				D625D2762300A13300713E13 /* LoadingCell.xib in Resources */,
				D625D27A2300A14300713E13 /* TestCell.xib in Resources */,
				D625D25F2300956100713E13 /* Main.storyboard in Resources */,
			);
			runOnlyForDeploymentPostprocessing = 0;
		};
/* End PBXResourcesBuildPhase section */

/* Begin PBXSourcesBuildPhase section */
		D625D2522300956100713E13 /* Sources */ = {
			isa = PBXSourcesBuildPhase;
			buildActionMask = 2147483647;
			files = (
				D625D2752300A13300713E13 /* LoadingCell.swift in Sources */,
				D625D2792300A14300713E13 /* TestCell.swift in Sources */,
				D625D25C2300956100713E13 /* InfiniteScroll1Controller.swift in Sources */,
				D625D25A2300956100713E13 /* AppDelegate.swift in Sources */,
			);
			runOnlyForDeploymentPostprocessing = 0;
		};
/* End PBXSourcesBuildPhase section */

/* Begin PBXVariantGroup section */
		D625D25D2300956100713E13 /* Main.storyboard */ = {
			isa = PBXVariantGroup;
			children = (
				D625D25E2300956100713E13 /* Base */,
			);
			name = Main.storyboard;
			sourceTree = "<group>";
		};
		D625D2622300956500713E13 /* LaunchScreen.storyboard */ = {
			isa = PBXVariantGroup;
			children = (
				D625D2632300956500713E13 /* Base */,
			);
			name = LaunchScreen.storyboard;
			sourceTree = "<group>";
		};
/* End PBXVariantGroup section */

/* Begin XCBuildConfiguration section */
		D625D2662300956500713E13 /* Debug */ = {
			isa = XCBuildConfiguration;
			buildSettings = {
				ALWAYS_SEARCH_USER_PATHS = NO;
				CLANG_ANALYZER_NONNULL = YES;
				CLANG_ANALYZER_NUMBER_OBJECT_CONVERSION = YES_AGGRESSIVE;
				CLANG_CXX_LANGUAGE_STANDARD = "gnu++14";
				CLANG_CXX_LIBRARY = "libc++";
				CLANG_ENABLE_MODULES = YES;
				CLANG_ENABLE_OBJC_ARC = YES;
				CLANG_ENABLE_OBJC_WEAK = YES;
				CLANG_WARN_BLOCK_CAPTURE_AUTORELEASING = YES;
				CLANG_WARN_BOOL_CONVERSION = YES;
				CLANG_WARN_COMMA = YES;
				CLANG_WARN_CONSTANT_CONVERSION = YES;
				CLANG_WARN_DEPRECATED_OBJC_IMPLEMENTATIONS = YES;
				CLANG_WARN_DIRECT_OBJC_ISA_USAGE = YES_ERROR;
				CLANG_WARN_DOCUMENTATION_COMMENTS = YES;
				CLANG_WARN_EMPTY_BODY = YES;
				CLANG_WARN_ENUM_CONVERSION = YES;
				CLANG_WARN_INFINITE_RECURSION = YES;
				CLANG_WARN_INT_CONVERSION = YES;
				CLANG_WARN_NON_LITERAL_NULL_CONVERSION = YES;
				CLANG_WARN_OBJC_IMPLICIT_RETAIN_SELF = YES;
				CLANG_WARN_OBJC_LITERAL_CONVERSION = YES;
				CLANG_WARN_OBJC_ROOT_CLASS = YES_ERROR;
				CLANG_WARN_RANGE_LOOP_ANALYSIS = YES;
				CLANG_WARN_STRICT_PROTOTYPES = YES;
				CLANG_WARN_SUSPICIOUS_MOVE = YES;
				CLANG_WARN_UNGUARDED_AVAILABILITY = YES_AGGRESSIVE;
				CLANG_WARN_UNREACHABLE_CODE = YES;
				CLANG_WARN__DUPLICATE_METHOD_MATCH = YES;
				CODE_SIGN_IDENTITY = "iPhone Developer";
				COPY_PHASE_STRIP = NO;
				DEBUG_INFORMATION_FORMAT = dwarf;
				ENABLE_STRICT_OBJC_MSGSEND = YES;
				ENABLE_TESTABILITY = YES;
				GCC_C_LANGUAGE_STANDARD = gnu11;
				GCC_DYNAMIC_NO_PIC = NO;
				GCC_NO_COMMON_BLOCKS = YES;
				GCC_OPTIMIZATION_LEVEL = 0;
				GCC_PREPROCESSOR_DEFINITIONS = (
					"DEBUG=1",
					"$(inherited)",
				);
				GCC_WARN_64_TO_32_BIT_CONVERSION = YES;
				GCC_WARN_ABOUT_RETURN_TYPE = YES_ERROR;
				GCC_WARN_UNDECLARED_SELECTOR = YES;
				GCC_WARN_UNINITIALIZED_AUTOS = YES_AGGRESSIVE;
				GCC_WARN_UNUSED_FUNCTION = YES;
				GCC_WARN_UNUSED_VARIABLE = YES;
				IPHONEOS_DEPLOYMENT_TARGET = 12.4;
				MTL_ENABLE_DEBUG_INFO = INCLUDE_SOURCE;
				MTL_FAST_MATH = YES;
				ONLY_ACTIVE_ARCH = YES;
				SDKROOT = iphoneos;
				SWIFT_ACTIVE_COMPILATION_CONDITIONS = DEBUG;
				SWIFT_OPTIMIZATION_LEVEL = "-Onone";
			};
			name = Debug;
		};
		D625D2672300956500713E13 /* Release */ = {
			isa = XCBuildConfiguration;
			buildSettings = {
				ALWAYS_SEARCH_USER_PATHS = NO;
				CLANG_ANALYZER_NONNULL = YES;
				CLANG_ANALYZER_NUMBER_OBJECT_CONVERSION = YES_AGGRESSIVE;
				CLANG_CXX_LANGUAGE_STANDARD = "gnu++14";
				CLANG_CXX_LIBRARY = "libc++";
				CLANG_ENABLE_MODULES = YES;
				CLANG_ENABLE_OBJC_ARC = YES;
				CLANG_ENABLE_OBJC_WEAK = YES;
				CLANG_WARN_BLOCK_CAPTURE_AUTORELEASING = YES;
				CLANG_WARN_BOOL_CONVERSION = YES;
				CLANG_WARN_COMMA = YES;
				CLANG_WARN_CONSTANT_CONVERSION = YES;
				CLANG_WARN_DEPRECATED_OBJC_IMPLEMENTATIONS = YES;
				CLANG_WARN_DIRECT_OBJC_ISA_USAGE = YES_ERROR;
				CLANG_WARN_DOCUMENTATION_COMMENTS = YES;
				CLANG_WARN_EMPTY_BODY = YES;
				CLANG_WARN_ENUM_CONVERSION = YES;
				CLANG_WARN_INFINITE_RECURSION = YES;
				CLANG_WARN_INT_CONVERSION = YES;
				CLANG_WARN_NON_LITERAL_NULL_CONVERSION = YES;
				CLANG_WARN_OBJC_IMPLICIT_RETAIN_SELF = YES;
				CLANG_WARN_OBJC_LITERAL_CONVERSION = YES;
				CLANG_WARN_OBJC_ROOT_CLASS = YES_ERROR;
				CLANG_WARN_RANGE_LOOP_ANALYSIS = YES;
				CLANG_WARN_STRICT_PROTOTYPES = YES;
				CLANG_WARN_SUSPICIOUS_MOVE = YES;
				CLANG_WARN_UNGUARDED_AVAILABILITY = YES_AGGRESSIVE;
				CLANG_WARN_UNREACHABLE_CODE = YES;
				CLANG_WARN__DUPLICATE_METHOD_MATCH = YES;
				CODE_SIGN_IDENTITY = "iPhone Developer";
				COPY_PHASE_STRIP = NO;
				DEBUG_INFORMATION_FORMAT = "dwarf-with-dsym";
				ENABLE_NS_ASSERTIONS = NO;
				ENABLE_STRICT_OBJC_MSGSEND = YES;
				GCC_C_LANGUAGE_STANDARD = gnu11;
				GCC_NO_COMMON_BLOCKS = YES;
				GCC_WARN_64_TO_32_BIT_CONVERSION = YES;
				GCC_WARN_ABOUT_RETURN_TYPE = YES_ERROR;
				GCC_WARN_UNDECLARED_SELECTOR = YES;
				GCC_WARN_UNINITIALIZED_AUTOS = YES_AGGRESSIVE;
				GCC_WARN_UNUSED_FUNCTION = YES;
				GCC_WARN_UNUSED_VARIABLE = YES;
				IPHONEOS_DEPLOYMENT_TARGET = 12.4;
				MTL_ENABLE_DEBUG_INFO = NO;
				MTL_FAST_MATH = YES;
				SDKROOT = iphoneos;
				SWIFT_COMPILATION_MODE = wholemodule;
				SWIFT_OPTIMIZATION_LEVEL = "-O";
				VALIDATE_PRODUCT = YES;
			};
			name = Release;
		};
		D625D2692300956500713E13 /* Debug */ = {
			isa = XCBuildConfiguration;
			buildSettings = {
				ASSETCATALOG_COMPILER_APPICON_NAME = AppIcon;
				CODE_SIGN_STYLE = Automatic;
				DEVELOPMENT_TEAM = VXCS37P548;
				INFOPLIST_FILE = InfiniteScrollingDemo/Info.plist;
				LD_RUNPATH_SEARCH_PATHS = (
					"$(inherited)",
					"@executable_path/Frameworks",
				);
				PRODUCT_BUNDLE_IDENTIFIER = org.pursuit.InfiniteScrollingDemo;
				PRODUCT_NAME = "$(TARGET_NAME)";
				SWIFT_VERSION = 5.0;
				TARGETED_DEVICE_FAMILY = "1,2";
			};
			name = Debug;
		};
		D625D26A2300956500713E13 /* Release */ = {
			isa = XCBuildConfiguration;
			buildSettings = {
				ASSETCATALOG_COMPILER_APPICON_NAME = AppIcon;
				CODE_SIGN_STYLE = Automatic;
				DEVELOPMENT_TEAM = VXCS37P548;
				INFOPLIST_FILE = InfiniteScrollingDemo/Info.plist;
				LD_RUNPATH_SEARCH_PATHS = (
					"$(inherited)",
					"@executable_path/Frameworks",
				);
				PRODUCT_BUNDLE_IDENTIFIER = org.pursuit.InfiniteScrollingDemo;
				PRODUCT_NAME = "$(TARGET_NAME)";
				SWIFT_VERSION = 5.0;
				TARGETED_DEVICE_FAMILY = "1,2";
			};
			name = Release;
		};
/* End XCBuildConfiguration section */

/* Begin XCConfigurationList section */
		D625D2512300956100713E13 /* Build configuration list for PBXProject "InfiniteScrollingDemo" */ = {
			isa = XCConfigurationList;
			buildConfigurations = (
				D625D2662300956500713E13 /* Debug */,
				D625D2672300956500713E13 /* Release */,
			);
			defaultConfigurationIsVisible = 0;
			defaultConfigurationName = Release;
		};
		D625D2682300956500713E13 /* Build configuration list for PBXNativeTarget "InfiniteScrollingDemo" */ = {
			isa = XCConfigurationList;
			buildConfigurations = (
				D625D2692300956500713E13 /* Debug */,
				D625D26A2300956500713E13 /* Release */,
			);
			defaultConfigurationIsVisible = 0;
			defaultConfigurationName = Release;
		};
/* End XCConfigurationList section */
	};
	rootObject = D625D24E2300956100713E13 /* Project object */;
}
